
Microsoft Visual Studio Solution File, Format Version 12.00
# Visual Studio Version 16
VisualStudioVersion = 16.0.29609.76
MinimumVisualStudioVersion = 10.0.40219.1
Project("{9A19103F-16F7-4668-BE54-9A1E7A4F7556}") = "UserInterface", "UserInterface\UserInterface.csproj", "{26CACD7D-43EA-4412-98A8-2FECAD237975}"
EndProject
Project("{9A19103F-16F7-4668-BE54-9A1E7A4F7556}") = "DataAccess", "DataAccess\DataAccess.csproj", "{DB1FD06C-CF3E-4A22-B9E7-94EC17F171C9}"
EndProject
Project("{9A19103F-16F7-4668-BE54-9A1E7A4F7556}") = "BusinessLogic", "BusinessLogic\BusinessLogic.csproj", "{45785984-3B88-46F2-BC52-4D10DE933043}"
EndProject
Project("{9A19103F-16F7-4668-BE54-9A1E7A4F7556}") = "UnitTest", "UnitTest\UnitTest.csproj", "{6C7670D1-E684-4F22-A2AB-51D93B1BFBC5}"
EndProject
Project("{9A19103F-16F7-4668-BE54-9A1E7A4F7556}") = "Common", "Common\Common.csproj", "{66C63DA0-03E1-4C59-BE57-33E680F634D8}"
EndProject
Project("{2150E333-8FDC-42A3-9474-1A3956D46DE8}") = "src", "src", "{3E1A6FFA-5C62-4D90-8AEE-04FDDC26B885}"
EndProject
Project("{2150E333-8FDC-42A3-9474-1A3956D46DE8}") = "tests", "tests", "{FA5DBD27-7567-4682-A37A-F384F4765F8F}"
EndProject
Project("{888888A0-9F3D-457C-B088-3A5042F75D52}") = "BookcityIntegration", "BookcityIntegration\BookcityIntegration.pyproj", "{F102530F-0C99-4F44-9604-5DC91EBA8204}"
EndProject
Global
	GlobalSection(SolutionConfigurationPlatforms) = preSolution
		Debug|Any CPU = Debug|Any CPU
		Release|Any CPU = Release|Any CPU
	EndGlobalSection
	GlobalSection(ProjectConfigurationPlatforms) = postSolution
		{26CACD7D-43EA-4412-98A8-2FECAD237975}.Debug|Any CPU.ActiveCfg = Debug|Any CPU
		{26CACD7D-43EA-4412-98A8-2FECAD237975}.Debug|Any CPU.Build.0 = Debug|Any CPU
		{26CACD7D-43EA-4412-98A8-2FECAD237975}.Release|Any CPU.ActiveCfg = Release|Any CPU
		{26CACD7D-43EA-4412-98A8-2FECAD237975}.Release|Any CPU.Build.0 = Release|Any CPU
		{DB1FD06C-CF3E-4A22-B9E7-94EC17F171C9}.Debug|Any CPU.ActiveCfg = Debug|Any CPU
		{DB1FD06C-CF3E-4A22-B9E7-94EC17F171C9}.Debug|Any CPU.Build.0 = Debug|Any CPU
		{DB1FD06C-CF3E-4A22-B9E7-94EC17F171C9}.Release|Any CPU.ActiveCfg = Release|Any CPU
		{DB1FD06C-CF3E-4A22-B9E7-94EC17F171C9}.Release|Any CPU.Build.0 = Release|Any CPU
		{45785984-3B88-46F2-BC52-4D10DE933043}.Debug|Any CPU.ActiveCfg = Debug|Any CPU
		{45785984-3B88-46F2-BC52-4D10DE933043}.Debug|Any CPU.Build.0 = Debug|Any CPU
		{45785984-3B88-46F2-BC52-4D10DE933043}.Release|Any CPU.ActiveCfg = Release|Any CPU
		{45785984-3B88-46F2-BC52-4D10DE933043}.Release|Any CPU.Build.0 = Release|Any CPU
		{6C7670D1-E684-4F22-A2AB-51D93B1BFBC5}.Debug|Any CPU.ActiveCfg = Debug|Any CPU
		{6C7670D1-E684-4F22-A2AB-51D93B1BFBC5}.Debug|Any CPU.Build.0 = Debug|Any CPU
		{6C7670D1-E684-4F22-A2AB-51D93B1BFBC5}.Release|Any CPU.ActiveCfg = Release|Any CPU
		{6C7670D1-E684-4F22-A2AB-51D93B1BFBC5}.Release|Any CPU.Build.0 = Release|Any CPU
		{66C63DA0-03E1-4C59-BE57-33E680F634D8}.Debug|Any CPU.ActiveCfg = Debug|Any CPU
		{66C63DA0-03E1-4C59-BE57-33E680F634D8}.Debug|Any CPU.Build.0 = Debug|Any CPU
		{66C63DA0-03E1-4C59-BE57-33E680F634D8}.Release|Any CPU.ActiveCfg = Release|Any CPU
		{66C63DA0-03E1-4C59-BE57-33E680F634D8}.Release|Any CPU.Build.0 = Release|Any CPU
		{F102530F-0C99-4F44-9604-5DC91EBA8204}.Debug|Any CPU.ActiveCfg = Debug|Any CPU
		{F102530F-0C99-4F44-9604-5DC91EBA8204}.Debug|Any CPU.Build.0 = Debug|Any CPU
		{F102530F-0C99-4F44-9604-5DC91EBA8204}.Release|Any CPU.ActiveCfg = Release|Any CPU
		{F102530F-0C99-4F44-9604-5DC91EBA8204}.Release|Any CPU.Build.0 = Release|Any CPU
	EndGlobalSection
	GlobalSection(SolutionProperties) = preSolution
		HideSolutionNode = FALSE
	EndGlobalSection
	GlobalSection(NestedProjects) = preSolution
		{26CACD7D-43EA-4412-98A8-2FECAD237975} = {3E1A6FFA-5C62-4D90-8AEE-04FDDC26B885}
		{DB1FD06C-CF3E-4A22-B9E7-94EC17F171C9} = {3E1A6FFA-5C62-4D90-8AEE-04FDDC26B885}
		{45785984-3B88-46F2-BC52-4D10DE933043} = {3E1A6FFA-5C62-4D90-8AEE-04FDDC26B885}
		{6C7670D1-E684-4F22-A2AB-51D93B1BFBC5} = {FA5DBD27-7567-4682-A37A-F384F4765F8F}
		{66C63DA0-03E1-4C59-BE57-33E680F634D8} = {3E1A6FFA-5C62-4D90-8AEE-04FDDC26B885}
		{F102530F-0C99-4F44-9604-5DC91EBA8204} = {3E1A6FFA-5C62-4D90-8AEE-04FDDC26B885}
	EndGlobalSection
	GlobalSection(ExtensibilityGlobals) = postSolution
		SolutionGuid = {0A55FFDB-D663-4EFC-A02E-9875E08EF085}
	EndGlobalSection
EndGlobal
